// !$*UTF8*$!
{
	archiveVersion = 1;
	classes = {
	};
	objectVersion = 46;
	objects = {

/* Begin PBXBuildFile section */
		AC04A2C4182644C900A7435C /* Foundation.framework in Frameworks */ = {isa = PBXBuildFile; fileRef = AC04A2C3182644C900A7435C /* Foundation.framework */; };
		AC04A2C6182644C900A7435C /* CoreGraphics.framework in Frameworks */ = {isa = PBXBuildFile; fileRef = AC04A2C5182644C900A7435C /* CoreGraphics.framework */; };
		AC04A2C8182644C900A7435C /* UIKit.framework in Frameworks */ = {isa = PBXBuildFile; fileRef = AC04A2C7182644C900A7435C /* UIKit.framework */; };
		AC04A2CA182644C900A7435C /* CoreData.framework in Frameworks */ = {isa = PBXBuildFile; fileRef = AC04A2C9182644C900A7435C /* CoreData.framework */; };
		AC04A2D0182644C900A7435C /* InfoPlist.strings in Resources */ = {isa = PBXBuildFile; fileRef = AC04A2CE182644C900A7435C /* InfoPlist.strings */; };
		AC04A2D2182644C900A7435C /* main.m in Sources */ = {isa = PBXBuildFile; fileRef = AC04A2D1182644C900A7435C /* main.m */; };
		AC04A2D6182644C900A7435C /* AppDelegate.m in Sources */ = {isa = PBXBuildFile; fileRef = AC04A2D5182644C900A7435C /* AppDelegate.m */; };
		AC04A2D9182644C900A7435C /* Lifemarks.xcdatamodeld in Sources */ = {isa = PBXBuildFile; fileRef = AC04A2D7182644C900A7435C /* Lifemarks.xcdatamodeld */; };
		AC04A2DB182644C900A7435C /* Images.xcassets in Resources */ = {isa = PBXBuildFile; fileRef = AC04A2DA182644C900A7435C /* Images.xcassets */; };
		AC04A2E2182644C900A7435C /* XCTest.framework in Frameworks */ = {isa = PBXBuildFile; fileRef = AC04A2E1182644C900A7435C /* XCTest.framework */; };
		AC04A2E3182644C900A7435C /* Foundation.framework in Frameworks */ = {isa = PBXBuildFile; fileRef = AC04A2C3182644C900A7435C /* Foundation.framework */; };
		AC04A2E4182644C900A7435C /* UIKit.framework in Frameworks */ = {isa = PBXBuildFile; fileRef = AC04A2C7182644C900A7435C /* UIKit.framework */; };
		AC04A2E5182644C900A7435C /* CoreData.framework in Frameworks */ = {isa = PBXBuildFile; fileRef = AC04A2C9182644C900A7435C /* CoreData.framework */; };
		AC04A2ED182644C900A7435C /* InfoPlist.strings in Resources */ = {isa = PBXBuildFile; fileRef = AC04A2EB182644C900A7435C /* InfoPlist.strings */; };
		AC04A2EF182644C900A7435C /* LifemarksTests.m in Sources */ = {isa = PBXBuildFile; fileRef = AC04A2EE182644C900A7435C /* LifemarksTests.m */; };
		AC04A2FA1826454800A7435C /* HomeViewController.m in Sources */ = {isa = PBXBuildFile; fileRef = AC04A2F91826454800A7435C /* HomeViewController.m */; };
		AC04A2FC1826457C00A7435C /* CoreMotion.framework in Frameworks */ = {isa = PBXBuildFile; fileRef = AC04A2FB1826457C00A7435C /* CoreMotion.framework */; };
		AC04A2FE1826D08B00A7435C /* HomeViewController.xib in Resources */ = {isa = PBXBuildFile; fileRef = AC04A2FD1826D08B00A7435C /* HomeViewController.xib */; };
		AC04A3011826F9FA00A7435C /* MetricsCore.m in Sources */ = {isa = PBXBuildFile; fileRef = AC04A3001826F9FA00A7435C /* MetricsCore.m */; };
/* End PBXBuildFile section */

/* Begin PBXContainerItemProxy section */
		AC04A2E6182644C900A7435C /* PBXContainerItemProxy */ = {
			isa = PBXContainerItemProxy;
			containerPortal = AC04A2B8182644C900A7435C /* Project object */;
			proxyType = 1;
			remoteGlobalIDString = AC04A2BF182644C900A7435C;
			remoteInfo = Lifemarks;
		};
/* End PBXContainerItemProxy section */

/* Begin PBXFileReference section */
		AC04A2C0182644C900A7435C /* Lifemarks.app */ = {isa = PBXFileReference; explicitFileType = wrapper.application; includeInIndex = 0; path = Lifemarks.app; sourceTree = BUILT_PRODUCTS_DIR; };
		AC04A2C3182644C900A7435C /* Foundation.framework */ = {isa = PBXFileReference; lastKnownFileType = wrapper.framework; name = Foundation.framework; path = System/Library/Frameworks/Foundation.framework; sourceTree = SDKROOT; };
		AC04A2C5182644C900A7435C /* CoreGraphics.framework */ = {isa = PBXFileReference; lastKnownFileType = wrapper.framework; name = CoreGraphics.framework; path = System/Library/Frameworks/CoreGraphics.framework; sourceTree = SDKROOT; };
		AC04A2C7182644C900A7435C /* UIKit.framework */ = {isa = PBXFileReference; lastKnownFileType = wrapper.framework; name = UIKit.framework; path = System/Library/Frameworks/UIKit.framework; sourceTree = SDKROOT; };
		AC04A2C9182644C900A7435C /* CoreData.framework */ = {isa = PBXFileReference; lastKnownFileType = wrapper.framework; name = CoreData.framework; path = System/Library/Frameworks/CoreData.framework; sourceTree = SDKROOT; };
		AC04A2CD182644C900A7435C /* Lifemarks-Info.plist */ = {isa = PBXFileReference; lastKnownFileType = text.plist.xml; path = "Lifemarks-Info.plist"; sourceTree = "<group>"; };
		AC04A2CF182644C900A7435C /* en */ = {isa = PBXFileReference; lastKnownFileType = text.plist.strings; name = en; path = en.lproj/InfoPlist.strings; sourceTree = "<group>"; };
		AC04A2D1182644C900A7435C /* main.m */ = {isa = PBXFileReference; lastKnownFileType = sourcecode.c.objc; path = main.m; sourceTree = "<group>"; };
		AC04A2D3182644C900A7435C /* Lifemarks-Prefix.pch */ = {isa = PBXFileReference; lastKnownFileType = sourcecode.c.h; path = "Lifemarks-Prefix.pch"; sourceTree = "<group>"; };
		AC04A2D4182644C900A7435C /* AppDelegate.h */ = {isa = PBXFileReference; lastKnownFileType = sourcecode.c.h; path = AppDelegate.h; sourceTree = "<group>"; };
		AC04A2D5182644C900A7435C /* AppDelegate.m */ = {isa = PBXFileReference; lastKnownFileType = sourcecode.c.objc; path = AppDelegate.m; sourceTree = "<group>"; };
		AC04A2D8182644C900A7435C /* Lifemarks.xcdatamodel */ = {isa = PBXFileReference; lastKnownFileType = wrapper.xcdatamodel; path = Lifemarks.xcdatamodel; sourceTree = "<group>"; };
		AC04A2DA182644C900A7435C /* Images.xcassets */ = {isa = PBXFileReference; lastKnownFileType = folder.assetcatalog; path = Images.xcassets; sourceTree = "<group>"; };
		AC04A2E0182644C900A7435C /* LifemarksTests.xctest */ = {isa = PBXFileReference; explicitFileType = wrapper.cfbundle; includeInIndex = 0; path = LifemarksTests.xctest; sourceTree = BUILT_PRODUCTS_DIR; };
		AC04A2E1182644C900A7435C /* XCTest.framework */ = {isa = PBXFileReference; lastKnownFileType = wrapper.framework; name = XCTest.framework; path = Library/Frameworks/XCTest.framework; sourceTree = DEVELOPER_DIR; };
		AC04A2EA182644C900A7435C /* LifemarksTests-Info.plist */ = {isa = PBXFileReference; lastKnownFileType = text.plist.xml; path = "LifemarksTests-Info.plist"; sourceTree = "<group>"; };
		AC04A2EC182644C900A7435C /* en */ = {isa = PBXFileReference; lastKnownFileType = text.plist.strings; name = en; path = en.lproj/InfoPlist.strings; sourceTree = "<group>"; };
		AC04A2EE182644C900A7435C /* LifemarksTests.m */ = {isa = PBXFileReference; lastKnownFileType = sourcecode.c.objc; path = LifemarksTests.m; sourceTree = "<group>"; };
		AC04A2F81826454800A7435C /* HomeViewController.h */ = {isa = PBXFileReference; fileEncoding = 4; lastKnownFileType = sourcecode.c.h; path = HomeViewController.h; sourceTree = "<group>"; };
		AC04A2F91826454800A7435C /* HomeViewController.m */ = {isa = PBXFileReference; fileEncoding = 4; lastKnownFileType = sourcecode.c.objc; path = HomeViewController.m; sourceTree = "<group>"; };
		AC04A2FB1826457C00A7435C /* CoreMotion.framework */ = {isa = PBXFileReference; lastKnownFileType = wrapper.framework; name = CoreMotion.framework; path = System/Library/Frameworks/CoreMotion.framework; sourceTree = SDKROOT; };
		AC04A2FD1826D08B00A7435C /* HomeViewController.xib */ = {isa = PBXFileReference; fileEncoding = 4; lastKnownFileType = file.xib; path = HomeViewController.xib; sourceTree = "<group>"; };
		AC04A2FF1826F9FA00A7435C /* MetricsCore.h */ = {isa = PBXFileReference; fileEncoding = 4; lastKnownFileType = sourcecode.c.h; path = MetricsCore.h; sourceTree = "<group>"; };
		AC04A3001826F9FA00A7435C /* MetricsCore.m */ = {isa = PBXFileReference; fileEncoding = 4; lastKnownFileType = sourcecode.c.objc; path = MetricsCore.m; sourceTree = "<group>"; };
/* End PBXFileReference section */

/* Begin PBXFrameworksBuildPhase section */
		AC04A2BD182644C900A7435C /* Frameworks */ = {
			isa = PBXFrameworksBuildPhase;
			buildActionMask = 2147483647;
			files = (
				AC04A2FC1826457C00A7435C /* CoreMotion.framework in Frameworks */,
				AC04A2C6182644C900A7435C /* CoreGraphics.framework in Frameworks */,
				AC04A2CA182644C900A7435C /* CoreData.framework in Frameworks */,
				AC04A2C8182644C900A7435C /* UIKit.framework in Frameworks */,
				AC04A2C4182644C900A7435C /* Foundation.framework in Frameworks */,
			);
			runOnlyForDeploymentPostprocessing = 0;
		};
		AC04A2DD182644C900A7435C /* Frameworks */ = {
			isa = PBXFrameworksBuildPhase;
			buildActionMask = 2147483647;
			files = (
				AC04A2E2182644C900A7435C /* XCTest.framework in Frameworks */,
				AC04A2E5182644C900A7435C /* CoreData.framework in Frameworks */,
				AC04A2E4182644C900A7435C /* UIKit.framework in Frameworks */,
				AC04A2E3182644C900A7435C /* Foundation.framework in Frameworks */,
			);
			runOnlyForDeploymentPostprocessing = 0;
		};
/* End PBXFrameworksBuildPhase section */

/* Begin PBXGroup section */
		AC04A2B7182644C900A7435C = {
			isa = PBXGroup;
			children = (
				AC04A2CB182644C900A7435C /* Lifemarks */,
				AC04A2E8182644C900A7435C /* LifemarksTests */,
				AC04A2C2182644C900A7435C /* Frameworks */,
				AC04A2C1182644C900A7435C /* Products */,
			);
			sourceTree = "<group>";
		};
		AC04A2C1182644C900A7435C /* Products */ = {
			isa = PBXGroup;
			children = (
				AC04A2C0182644C900A7435C /* Lifemarks.app */,
				AC04A2E0182644C900A7435C /* LifemarksTests.xctest */,
			);
			name = Products;
			sourceTree = "<group>";
		};
		AC04A2C2182644C900A7435C /* Frameworks */ = {
			isa = PBXGroup;
			children = (
				AC04A2FB1826457C00A7435C /* CoreMotion.framework */,
				AC04A2C3182644C900A7435C /* Foundation.framework */,
				AC04A2C5182644C900A7435C /* CoreGraphics.framework */,
				AC04A2C7182644C900A7435C /* UIKit.framework */,
				AC04A2C9182644C900A7435C /* CoreData.framework */,
				AC04A2E1182644C900A7435C /* XCTest.framework */,
			);
			name = Frameworks;
			sourceTree = "<group>";
		};
		AC04A2CB182644C900A7435C /* Lifemarks */ = {
			isa = PBXGroup;
			children = (
				AC04A2D4182644C900A7435C /* AppDelegate.h */,
				AC04A2D5182644C900A7435C /* AppDelegate.m */,
				AC04A2DA182644C900A7435C /* Images.xcassets */,
				AC04A2D7182644C900A7435C /* Lifemarks.xcdatamodeld */,
				AC04A2CC182644C900A7435C /* Supporting Files */,
				AC04A2F81826454800A7435C /* HomeViewController.h */,
				AC04A2F91826454800A7435C /* HomeViewController.m */,
				AC04A2FD1826D08B00A7435C /* HomeViewController.xib */,
				AC04A2FF1826F9FA00A7435C /* MetricsCore.h */,
				AC04A3001826F9FA00A7435C /* MetricsCore.m */,
			);
			path = Lifemarks;
			sourceTree = "<group>";
		};
		AC04A2CC182644C900A7435C /* Supporting Files */ = {
			isa = PBXGroup;
			children = (
				AC04A2CD182644C900A7435C /* Lifemarks-Info.plist */,
				AC04A2CE182644C900A7435C /* InfoPlist.strings */,
				AC04A2D1182644C900A7435C /* main.m */,
				AC04A2D3182644C900A7435C /* Lifemarks-Prefix.pch */,
			);
			name = "Supporting Files";
			sourceTree = "<group>";
		};
		AC04A2E8182644C900A7435C /* LifemarksTests */ = {
			isa = PBXGroup;
			children = (
				AC04A2EE182644C900A7435C /* LifemarksTests.m */,
				AC04A2E9182644C900A7435C /* Supporting Files */,
			);
			path = LifemarksTests;
			sourceTree = "<group>";
		};
		AC04A2E9182644C900A7435C /* Supporting Files */ = {
			isa = PBXGroup;
			children = (
				AC04A2EA182644C900A7435C /* LifemarksTests-Info.plist */,
				AC04A2EB182644C900A7435C /* InfoPlist.strings */,
			);
			name = "Supporting Files";
			sourceTree = "<group>";
		};
/* End PBXGroup section */

/* Begin PBXNativeTarget section */
		AC04A2BF182644C900A7435C /* Lifemarks */ = {
			isa = PBXNativeTarget;
			buildConfigurationList = AC04A2F2182644C900A7435C /* Build configuration list for PBXNativeTarget "Lifemarks" */;
			buildPhases = (
				AC04A2BC182644C900A7435C /* Sources */,
				AC04A2BD182644C900A7435C /* Frameworks */,
				AC04A2BE182644C900A7435C /* Resources */,
			);
			buildRules = (
			);
			dependencies = (
			);
			name = Lifemarks;
			productName = Lifemarks;
			productReference = AC04A2C0182644C900A7435C /* Lifemarks.app */;
			productType = "com.apple.product-type.application";
		};
		AC04A2DF182644C900A7435C /* LifemarksTests */ = {
			isa = PBXNativeTarget;
			buildConfigurationList = AC04A2F5182644C900A7435C /* Build configuration list for PBXNativeTarget "LifemarksTests" */;
			buildPhases = (
				AC04A2DC182644C900A7435C /* Sources */,
				AC04A2DD182644C900A7435C /* Frameworks */,
				AC04A2DE182644C900A7435C /* Resources */,
			);
			buildRules = (
			);
			dependencies = (
				AC04A2E7182644C900A7435C /* PBXTargetDependency */,
			);
			name = LifemarksTests;
			productName = LifemarksTests;
			productReference = AC04A2E0182644C900A7435C /* LifemarksTests.xctest */;
			productType = "com.apple.product-type.bundle.unit-test";
		};
/* End PBXNativeTarget section */

/* Begin PBXProject section */
		AC04A2B8182644C900A7435C /* Project object */ = {
			isa = PBXProject;
			attributes = {
				LastUpgradeCheck = 0500;
				ORGANIZATIONNAME = "Lifemarks Team";
				TargetAttributes = {
					AC04A2DF182644C900A7435C = {
						TestTargetID = AC04A2BF182644C900A7435C;
					};
				};
			};
			buildConfigurationList = AC04A2BB182644C900A7435C /* Build configuration list for PBXProject "Lifemarks" */;
			compatibilityVersion = "Xcode 3.2";
			developmentRegion = English;
			hasScannedForEncodings = 0;
			knownRegions = (
				en,
			);
			mainGroup = AC04A2B7182644C900A7435C;
			productRefGroup = AC04A2C1182644C900A7435C /* Products */;
			projectDirPath = "";
			projectRoot = "";
			targets = (
				AC04A2BF182644C900A7435C /* Lifemarks */,
				AC04A2DF182644C900A7435C /* LifemarksTests */,
			);
		};
/* End PBXProject section */

/* Begin PBXResourcesBuildPhase section */
		AC04A2BE182644C900A7435C /* Resources */ = {
			isa = PBXResourcesBuildPhase;
			buildActionMask = 2147483647;
			files = (
				AC04A2D0182644C900A7435C /* InfoPlist.strings in Resources */,
				AC04A2DB182644C900A7435C /* Images.xcassets in Resources */,
				AC04A2FE1826D08B00A7435C /* HomeViewController.xib in Resources */,
			);
			runOnlyForDeploymentPostprocessing = 0;
		};
		AC04A2DE182644C900A7435C /* Resources */ = {
			isa = PBXResourcesBuildPhase;
			buildActionMask = 2147483647;
			files = (
				AC04A2ED182644C900A7435C /* InfoPlist.strings in Resources */,
			);
			runOnlyForDeploymentPostprocessing = 0;
		};
/* End PBXResourcesBuildPhase section */

/* Begin PBXSourcesBuildPhase section */
		AC04A2BC182644C900A7435C /* Sources */ = {
			isa = PBXSourcesBuildPhase;
			buildActionMask = 2147483647;
			files = (
				AC04A3011826F9FA00A7435C /* MetricsCore.m in Sources */,
				AC04A2D6182644C900A7435C /* AppDelegate.m in Sources */,
				AC04A2D2182644C900A7435C /* main.m in Sources */,
				AC04A2D9182644C900A7435C /* Lifemarks.xcdatamodeld in Sources */,
				AC04A2FA1826454800A7435C /* HomeViewController.m in Sources */,
			);
			runOnlyForDeploymentPostprocessing = 0;
		};
		AC04A2DC182644C900A7435C /* Sources */ = {
			isa = PBXSourcesBuildPhase;
			buildActionMask = 2147483647;
			files = (
				AC04A2EF182644C900A7435C /* LifemarksTests.m in Sources */,
			);
			runOnlyForDeploymentPostprocessing = 0;
		};
/* End PBXSourcesBuildPhase section */

/* Begin PBXTargetDependency section */
		AC04A2E7182644C900A7435C /* PBXTargetDependency */ = {
			isa = PBXTargetDependency;
			target = AC04A2BF182644C900A7435C /* Lifemarks */;
			targetProxy = AC04A2E6182644C900A7435C /* PBXContainerItemProxy */;
		};
/* End PBXTargetDependency section */

/* Begin PBXVariantGroup section */
		AC04A2CE182644C900A7435C /* InfoPlist.strings */ = {
			isa = PBXVariantGroup;
			children = (
				AC04A2CF182644C900A7435C /* en */,
			);
			name = InfoPlist.strings;
			sourceTree = "<group>";
		};
		AC04A2EB182644C900A7435C /* InfoPlist.strings */ = {
			isa = PBXVariantGroup;
			children = (
				AC04A2EC182644C900A7435C /* en */,
			);
			name = InfoPlist.strings;
			sourceTree = "<group>";
		};
/* End PBXVariantGroup section */

/* Begin XCBuildConfiguration section */
		AC04A2F0182644C900A7435C /* Debug */ = {
			isa = XCBuildConfiguration;
			buildSettings = {
				ALWAYS_SEARCH_USER_PATHS = NO;
				ARCHS = "$(ARCHS_STANDARD_INCLUDING_64_BIT)";
				CLANG_CXX_LANGUAGE_STANDARD = "gnu++0x";
				CLANG_CXX_LIBRARY = "libc++";
				CLANG_ENABLE_MODULES = YES;
				CLANG_ENABLE_OBJC_ARC = YES;
				CLANG_WARN_BOOL_CONVERSION = YES;
				CLANG_WARN_CONSTANT_CONVERSION = YES;
				CLANG_WARN_DIRECT_OBJC_ISA_USAGE = YES_ERROR;
				CLANG_WARN_EMPTY_BODY = YES;
				CLANG_WARN_ENUM_CONVERSION = YES;
				CLANG_WARN_INT_CONVERSION = YES;
				CLANG_WARN_OBJC_ROOT_CLASS = YES_ERROR;
				CLANG_WARN__DUPLICATE_METHOD_MATCH = YES;
				"CODE_SIGN_IDENTITY[sdk=iphoneos*]" = "iPhone Developer";
				COPY_PHASE_STRIP = NO;
				GCC_C_LANGUAGE_STANDARD = gnu99;
				GCC_DYNAMIC_NO_PIC = NO;
				GCC_OPTIMIZATION_LEVEL = 0;
				GCC_PREPROCESSOR_DEFINITIONS = (
					"DEBUG=1",
					"$(inherited)",
				);
				GCC_SYMBOLS_PRIVATE_EXTERN = NO;
				GCC_WARN_64_TO_32_BIT_CONVERSION = YES;
				GCC_WARN_ABOUT_RETURN_TYPE = YES_ERROR;
				GCC_WARN_UNDECLARED_SELECTOR = YES;
				GCC_WARN_UNINITIALIZED_AUTOS = YES;
				GCC_WARN_UNUSED_FUNCTION = YES;
				GCC_WARN_UNUSED_VARIABLE = YES;
				IPHONEOS_DEPLOYMENT_TARGET = 7.0;
				ONLY_ACTIVE_ARCH = YES;
				SDKROOT = iphoneos;
			};
			name = Debug;
		};
		AC04A2F1182644C900A7435C /* Release */ = {
			isa = XCBuildConfiguration;
			buildSettings = {
				ALWAYS_SEARCH_USER_PATHS = NO;
				ARCHS = "$(ARCHS_STANDARD_INCLUDING_64_BIT)";
				CLANG_CXX_LANGUAGE_STANDARD = "gnu++0x";
				CLANG_CXX_LIBRARY = "libc++";
				CLANG_ENABLE_MODULES = YES;
				CLANG_ENABLE_OBJC_ARC = YES;
				CLANG_WARN_BOOL_CONVERSION = YES;
				CLANG_WARN_CONSTANT_CONVERSION = YES;
				CLANG_WARN_DIRECT_OBJC_ISA_USAGE = YES_ERROR;
				CLANG_WARN_EMPTY_BODY = YES;
				CLANG_WARN_ENUM_CONVERSION = YES;
				CLANG_WARN_INT_CONVERSION = YES;
				CLANG_WARN_OBJC_ROOT_CLASS = YES_ERROR;
				CLANG_WARN__DUPLICATE_METHOD_MATCH = YES;
				"CODE_SIGN_IDENTITY[sdk=iphoneos*]" = "iPhone Developer";
				COPY_PHASE_STRIP = YES;
				ENABLE_NS_ASSERTIONS = NO;
				GCC_C_LANGUAGE_STANDARD = gnu99;
				GCC_WARN_64_TO_32_BIT_CONVERSION = YES;
				GCC_WARN_ABOUT_RETURN_TYPE = YES_ERROR;
				GCC_WARN_UNDECLARED_SELECTOR = YES;
				GCC_WARN_UNINITIALIZED_AUTOS = YES;
				GCC_WARN_UNUSED_FUNCTION = YES;
				GCC_WARN_UNUSED_VARIABLE = YES;
				IPHONEOS_DEPLOYMENT_TARGET = 7.0;
				SDKROOT = iphoneos;
				VALIDATE_PRODUCT = YES;
			};
			name = Release;
		};
		AC04A2F3182644C900A7435C /* Debug */ = {
			isa = XCBuildConfiguration;
			buildSettings = {
				ASSETCATALOG_COMPILER_APPICON_NAME = AppIcon;
				ASSETCATALOG_COMPILER_LAUNCHIMAGE_NAME = LaunchImage;
				GCC_PRECOMPILE_PREFIX_HEADER = YES;
				GCC_PREFIX_HEADER = "Lifemarks/Lifemarks-Prefix.pch";
				INFOPLIST_FILE = "Lifemarks/Lifemarks-Info.plist";
				PRODUCT_NAME = "$(TARGET_NAME)";
				WRAPPER_EXTENSION = app;
			};
			name = Debug;
		};
		AC04A2F4182644C900A7435C /* Release */ = {
			isa = XCBuildConfiguration;
			buildSettings = {
				ASSETCATALOG_COMPILER_APPICON_NAME = AppIcon;
				ASSETCATALOG_COMPILER_LAUNCHIMAGE_NAME = LaunchImage;
				GCC_PRECOMPILE_PREFIX_HEADER = YES;
				GCC_PREFIX_HEADER = "Lifemarks/Lifemarks-Prefix.pch";
				INFOPLIST_FILE = "Lifemarks/Lifemarks-Info.plist";
				PRODUCT_NAME = "$(TARGET_NAME)";
				WRAPPER_EXTENSION = app;
			};
			name = Release;
		};
		AC04A2F6182644C900A7435C /* Debug */ = {
			isa = XCBuildConfiguration;
			buildSettings = {
				ARCHS = "$(ARCHS_STANDARD_INCLUDING_64_BIT)";
				BUNDLE_LOADER = "$(BUILT_PRODUCTS_DIR)/Lifemarks.app/Lifemarks";
				FRAMEWORK_SEARCH_PATHS = (
					"$(SDKROOT)/Developer/Library/Frameworks",
					"$(inherited)",
					"$(DEVELOPER_FRAMEWORKS_DIR)",
				);
				GCC_PRECOMPILE_PREFIX_HEADER = YES;
				GCC_PREFIX_HEADER = "Lifemarks/Lifemarks-Prefix.pch";
				GCC_PREPROCESSOR_DEFINITIONS = (
					"DEBUG=1",
					"$(inherited)",
				);
				INFOPLIST_FILE = "LifemarksTests/LifemarksTests-Info.plist";
				PRODUCT_NAME = "$(TARGET_NAME)";
				TEST_HOST = "$(BUNDLE_LOADER)";
				WRAPPER_EXTENSION = xctest;
			};
			name = Debug;
		};
		AC04A2F7182644C900A7435C /* Release */ = {
			isa = XCBuildConfiguration;
			buildSettings = {
				ARCHS = "$(ARCHS_STANDARD_INCLUDING_64_BIT)";
				BUNDLE_LOADER = "$(BUILT_PRODUCTS_DIR)/Lifemarks.app/Lifemarks";
				FRAMEWORK_SEARCH_PATHS = (
					"$(SDKROOT)/Developer/Library/Frameworks",
					"$(inherited)",
					"$(DEVELOPER_FRAMEWORKS_DIR)",
				);
				GCC_PRECOMPILE_PREFIX_HEADER = YES;
				GCC_PREFIX_HEADER = "Lifemarks/Lifemarks-Prefix.pch";
				INFOPLIST_FILE = "LifemarksTests/LifemarksTests-Info.plist";
				PRODUCT_NAME = "$(TARGET_NAME)";
				TEST_HOST = "$(BUNDLE_LOADER)";
				WRAPPER_EXTENSION = xctest;
			};
			name = Release;
		};
/* End XCBuildConfiguration section */

/* Begin XCConfigurationList section */
		AC04A2BB182644C900A7435C /* Build configuration list for PBXProject "Lifemarks" */ = {
			isa = XCConfigurationList;
			buildConfigurations = (
				AC04A2F0182644C900A7435C /* Debug */,
				AC04A2F1182644C900A7435C /* Release */,
			);
			defaultConfigurationIsVisible = 0;
			defaultConfigurationName = Release;
		};
		AC04A2F2182644C900A7435C /* Build configuration list for PBXNativeTarget "Lifemarks" */ = {
			isa = XCConfigurationList;
			buildConfigurations = (
				AC04A2F3182644C900A7435C /* Debug */,
				AC04A2F4182644C900A7435C /* Release */,
			);
			defaultConfigurationIsVisible = 0;
		};
		AC04A2F5182644C900A7435C /* Build configuration list for PBXNativeTarget "LifemarksTests" */ = {
			isa = XCConfigurationList;
			buildConfigurations = (
				AC04A2F6182644C900A7435C /* Debug */,
				AC04A2F7182644C900A7435C /* Release */,
			);
			defaultConfigurationIsVisible = 0;
		};
/* End XCConfigurationList section */

/* Begin XCVersionGroup section */
		AC04A2D7182644C900A7435C /* Lifemarks.xcdatamodeld */ = {
			isa = XCVersionGroup;
			children = (
				AC04A2D8182644C900A7435C /* Lifemarks.xcdatamodel */,
			);
			currentVersion = AC04A2D8182644C900A7435C /* Lifemarks.xcdatamodel */;
			path = Lifemarks.xcdatamodeld;
			sourceTree = "<group>";
			versionGroupType = wrapper.xcdatamodel;
		};
/* End XCVersionGroup section */
	};
	rootObject = AC04A2B8182644C900A7435C /* Project object */;
}
